
Microsoft Visual Studio Solution File, Format Version 12.00
# Visual Studio 15
VisualStudioVersion = 15.0.26124.0
MinimumVisualStudioVersion = 15.0.26124.0
Project("{FAE04EC0-301F-11D3-BF4B-00C04F79EFBC}") = "Domain", "Domain\Domain.csproj", "{6F7D68C1-8CEB-4315-84DB-DD051CFC7106}"
EndProject
Project("{FAE04EC0-301F-11D3-BF4B-00C04F79EFBC}") = "Application", "Application\Application.csproj", "{458A432C-611E-45FC-9BA1-67FB3E0BBDE8}"
EndProject
Project("{FAE04EC0-301F-11D3-BF4B-00C04F79EFBC}") = "Persistence", "Persistence\Persistence.csproj", "{B4C6CBCC-7C8E-4DA2-8084-99C4D39C0121}"
EndProject
Project("{FAE04EC0-301F-11D3-BF4B-00C04F79EFBC}") = "Api", "Api\Api.csproj", "{D6089762-F69B-436F-AC82-F02626061B7A}"
EndProject
Global
	GlobalSection(SolutionConfigurationPlatforms) = preSolution
		Debug|Any CPU = Debug|Any CPU
		Debug|x64 = Debug|x64
		Debug|x86 = Debug|x86
		Release|Any CPU = Release|Any CPU
		Release|x64 = Release|x64
		Release|x86 = Release|x86
	EndGlobalSection
	GlobalSection(SolutionProperties) = preSolution
		HideSolutionNode = FALSE
	EndGlobalSection
	GlobalSection(ProjectConfigurationPlatforms) = postSolution
		{6F7D68C1-8CEB-4315-84DB-DD051CFC7106}.Debug|Any CPU.ActiveCfg = Debug|Any CPU
		{6F7D68C1-8CEB-4315-84DB-DD051CFC7106}.Debug|Any CPU.Build.0 = Debug|Any CPU
		{6F7D68C1-8CEB-4315-84DB-DD051CFC7106}.Debug|x64.ActiveCfg = Debug|Any CPU
		{6F7D68C1-8CEB-4315-84DB-DD051CFC7106}.Debug|x64.Build.0 = Debug|Any CPU
		{6F7D68C1-8CEB-4315-84DB-DD051CFC7106}.Debug|x86.ActiveCfg = Debug|Any CPU
		{6F7D68C1-8CEB-4315-84DB-DD051CFC7106}.Debug|x86.Build.0 = Debug|Any CPU
		{6F7D68C1-8CEB-4315-84DB-DD051CFC7106}.Release|Any CPU.ActiveCfg = Release|Any CPU
		{6F7D68C1-8CEB-4315-84DB-DD051CFC7106}.Release|Any CPU.Build.0 = Release|Any CPU
		{6F7D68C1-8CEB-4315-84DB-DD051CFC7106}.Release|x64.ActiveCfg = Release|Any CPU
		{6F7D68C1-8CEB-4315-84DB-DD051CFC7106}.Release|x64.Build.0 = Release|Any CPU
		{6F7D68C1-8CEB-4315-84DB-DD051CFC7106}.Release|x86.ActiveCfg = Release|Any CPU
		{6F7D68C1-8CEB-4315-84DB-DD051CFC7106}.Release|x86.Build.0 = Release|Any CPU
		{458A432C-611E-45FC-9BA1-67FB3E0BBDE8}.Debug|Any CPU.ActiveCfg = Debug|Any CPU
		{458A432C-611E-45FC-9BA1-67FB3E0BBDE8}.Debug|Any CPU.Build.0 = Debug|Any CPU
		{458A432C-611E-45FC-9BA1-67FB3E0BBDE8}.Debug|x64.ActiveCfg = Debug|Any CPU
		{458A432C-611E-45FC-9BA1-67FB3E0BBDE8}.Debug|x64.Build.0 = Debug|Any CPU
		{458A432C-611E-45FC-9BA1-67FB3E0BBDE8}.Debug|x86.ActiveCfg = Debug|Any CPU
		{458A432C-611E-45FC-9BA1-67FB3E0BBDE8}.Debug|x86.Build.0 = Debug|Any CPU
		{458A432C-611E-45FC-9BA1-67FB3E0BBDE8}.Release|Any CPU.ActiveCfg = Release|Any CPU
		{458A432C-611E-45FC-9BA1-67FB3E0BBDE8}.Release|Any CPU.Build.0 = Release|Any CPU
		{458A432C-611E-45FC-9BA1-67FB3E0BBDE8}.Release|x64.ActiveCfg = Release|Any CPU
		{458A432C-611E-45FC-9BA1-67FB3E0BBDE8}.Release|x64.Build.0 = Release|Any CPU
		{458A432C-611E-45FC-9BA1-67FB3E0BBDE8}.Release|x86.ActiveCfg = Release|Any CPU
		{458A432C-611E-45FC-9BA1-67FB3E0BBDE8}.Release|x86.Build.0 = Release|Any CPU
		{B4C6CBCC-7C8E-4DA2-8084-99C4D39C0121}.Debug|Any CPU.ActiveCfg = Debug|Any CPU
		{B4C6CBCC-7C8E-4DA2-8084-99C4D39C0121}.Debug|Any CPU.Build.0 = Debug|Any CPU
		{B4C6CBCC-7C8E-4DA2-8084-99C4D39C0121}.Debug|x64.ActiveCfg = Debug|Any CPU
		{B4C6CBCC-7C8E-4DA2-8084-99C4D39C0121}.Debug|x64.Build.0 = Debug|Any CPU
		{B4C6CBCC-7C8E-4DA2-8084-99C4D39C0121}.Debug|x86.ActiveCfg = Debug|Any CPU
		{B4C6CBCC-7C8E-4DA2-8084-99C4D39C0121}.Debug|x86.Build.0 = Debug|Any CPU
		{B4C6CBCC-7C8E-4DA2-8084-99C4D39C0121}.Release|Any CPU.ActiveCfg = Release|Any CPU
		{B4C6CBCC-7C8E-4DA2-8084-99C4D39C0121}.Release|Any CPU.Build.0 = Release|Any CPU
		{B4C6CBCC-7C8E-4DA2-8084-99C4D39C0121}.Release|x64.ActiveCfg = Release|Any CPU
		{B4C6CBCC-7C8E-4DA2-8084-99C4D39C0121}.Release|x64.Build.0 = Release|Any CPU
		{B4C6CBCC-7C8E-4DA2-8084-99C4D39C0121}.Release|x86.ActiveCfg = Release|Any CPU
		{B4C6CBCC-7C8E-4DA2-8084-99C4D39C0121}.Release|x86.Build.0 = Release|Any CPU
		{D6089762-F69B-436F-AC82-F02626061B7A}.Debug|Any CPU.ActiveCfg = Debug|Any CPU
		{D6089762-F69B-436F-AC82-F02626061B7A}.Debug|Any CPU.Build.0 = Debug|Any CPU
		{D6089762-F69B-436F-AC82-F02626061B7A}.Debug|x64.ActiveCfg = Debug|Any CPU
		{D6089762-F69B-436F-AC82-F02626061B7A}.Debug|x64.Build.0 = Debug|Any CPU
		{D6089762-F69B-436F-AC82-F02626061B7A}.Debug|x86.ActiveCfg = Debug|Any CPU
		{D6089762-F69B-436F-AC82-F02626061B7A}.Debug|x86.Build.0 = Debug|Any CPU
		{D6089762-F69B-436F-AC82-F02626061B7A}.Release|Any CPU.ActiveCfg = Release|Any CPU
		{D6089762-F69B-436F-AC82-F02626061B7A}.Release|Any CPU.Build.0 = Release|Any CPU
		{D6089762-F69B-436F-AC82-F02626061B7A}.Release|x64.ActiveCfg = Release|Any CPU
		{D6089762-F69B-436F-AC82-F02626061B7A}.Release|x64.Build.0 = Release|Any CPU
		{D6089762-F69B-436F-AC82-F02626061B7A}.Release|x86.ActiveCfg = Release|Any CPU
		{D6089762-F69B-436F-AC82-F02626061B7A}.Release|x86.Build.0 = Release|Any CPU
	EndGlobalSection
EndGlobal
